// !$*UTF8*$!
{
	archiveVersion = 1;
	classes = {
	};
	objectVersion = 51;
	objects = {

/* Begin PBXBuildFile section */
		1A88CC75C5DBADF5A911CE87 /* Pods_MyProject.framework in Frameworks */ = {isa = PBXBuildFile; fileRef = 63F9C82B3138BB8CFA075606 /* Pods_MyProject.framework */; };
		F3344FBB24409C2E00E411B4 /* LoginViewController.swift in Sources */ = {isa = PBXBuildFile; fileRef = F3344FBA24409C2E00E411B4 /* LoginViewController.swift */; };
		F3344FBF2440AF3200E411B4 /* RegistrationViewController.swift in Sources */ = {isa = PBXBuildFile; fileRef = F3344FBE2440AF3200E411B4 /* RegistrationViewController.swift */; };
		F34A9A58245B3D4600DBC4D7 /* MAINViewController.swift in Sources */ = {isa = PBXBuildFile; fileRef = F34A9A57245B3D4600DBC4D7 /* MAINViewController.swift */; };
		F34A9A5A245B3D9300DBC4D7 /* MAINCollectionViewCell.swift in Sources */ = {isa = PBXBuildFile; fileRef = F34A9A59245B3D9300DBC4D7 /* MAINCollectionViewCell.swift */; };
		F34A9A5C2463CC5500DBC4D7 /* LocalDataHandler.swift in Sources */ = {isa = PBXBuildFile; fileRef = F34A9A5B2463CC5500DBC4D7 /* LocalDataHandler.swift */; };
		F34A9A5E2463DAD500DBC4D7 /* DataSourceStoriesCollection.swift in Sources */ = {isa = PBXBuildFile; fileRef = F34A9A5D2463DAD500DBC4D7 /* DataSourceStoriesCollection.swift */; };
		F34A9A602463DFD000DBC4D7 /* CloudDataHandler.swift in Sources */ = {isa = PBXBuildFile; fileRef = F34A9A5F2463DFD000DBC4D7 /* CloudDataHandler.swift */; };
		F34A9A632464579C00DBC4D7 /* NetworkManager.swift in Sources */ = {isa = PBXBuildFile; fileRef = F34A9A622464579C00DBC4D7 /* NetworkManager.swift */; };
		F34A9A682464675F00DBC4D7 /* Story.swift in Sources */ = {isa = PBXBuildFile; fileRef = F34A9A672464675F00DBC4D7 /* Story.swift */; };
		F357C5B2245B054A009E09AE /* VideoViewController.swift in Sources */ = {isa = PBXBuildFile; fileRef = F357C5B1245B054A009E09AE /* VideoViewController.swift */; };
		F3718DC32458945F00EC7054 /* AudioManager.swift in Sources */ = {isa = PBXBuildFile; fileRef = F3718DC22458945F00EC7054 /* AudioManager.swift */; };
		F3718DC52459978200EC7054 /* The Secret Life of Pets 2.mp3 in Resources */ = {isa = PBXBuildFile; fileRef = F3718DC42459978200EC7054 /* The Secret Life of Pets 2.mp3 */; };
		F3718DCD2459C87C00EC7054 /* Song.swift in Sources */ = {isa = PBXBuildFile; fileRef = F3718DCC2459C87C00EC7054 /* Song.swift */; };
		F3718DCF2459E09C00EC7054 /* StoriesCollectViewCell.swift in Sources */ = {isa = PBXBuildFile; fileRef = F3718DCE2459E09C00EC7054 /* StoriesCollectViewCell.swift */; };
		F3726D6F2431ECFD00C37F00 /* AppDelegate.swift in Sources */ = {isa = PBXBuildFile; fileRef = F3726D6E2431ECFD00C37F00 /* AppDelegate.swift */; };
		F3726D712431ECFD00C37F00 /* SceneDelegate.swift in Sources */ = {isa = PBXBuildFile; fileRef = F3726D702431ECFD00C37F00 /* SceneDelegate.swift */; };
		F3726D762431ECFD00C37F00 /* Main.storyboard in Resources */ = {isa = PBXBuildFile; fileRef = F3726D742431ECFD00C37F00 /* Main.storyboard */; };
		F3726D782431ECFF00C37F00 /* Assets.xcassets in Resources */ = {isa = PBXBuildFile; fileRef = F3726D772431ECFF00C37F00 /* Assets.xcassets */; };
		F3726D7B2431ECFF00C37F00 /* LaunchScreen.storyboard in Resources */ = {isa = PBXBuildFile; fileRef = F3726D792431ECFF00C37F00 /* LaunchScreen.storyboard */; };
		F388CDD124508E2F0046B2DD /* SongsTableViewController.swift in Sources */ = {isa = PBXBuildFile; fileRef = F388CDD024508E2F0046B2DD /* SongsTableViewController.swift */; };
		F388CDD324508E740046B2DD /* StoriesCollectViewController.swift in Sources */ = {isa = PBXBuildFile; fileRef = F388CDD224508E740046B2DD /* StoriesCollectViewController.swift */; };
		F388CDD524508F610046B2DD /* AudioPlayerViewController.swift in Sources */ = {isa = PBXBuildFile; fileRef = F388CDD424508F610046B2DD /* AudioPlayerViewController.swift */; };
		F388CDD72450945E0046B2DD /* SettingsViewController.swift in Sources */ = {isa = PBXBuildFile; fileRef = F388CDD62450945E0046B2DD /* SettingsViewController.swift */; };
		F39873F42466F51C00545692 /* APIHandler.swift in Sources */ = {isa = PBXBuildFile; fileRef = F39873F32466F51C00545692 /* APIHandler.swift */; };
		F39873F82466F86F00545692 /* ParseHandler.swift in Sources */ = {isa = PBXBuildFile; fileRef = F39873F72466F86F00545692 /* ParseHandler.swift */; };
		F39873FA2466FF3500545692 /* SearchResponse.swift in Sources */ = {isa = PBXBuildFile; fileRef = F39873F92466FF3500545692 /* SearchResponse.swift */; };
		F39873FF2469A4DD00545692 /* Ratatouille.mp3 in Resources */ = {isa = PBXBuildFile; fileRef = F39873FE2469A4DD00545692 /* Ratatouille.mp3 */; };
		F39874012469A78000545692 /* The Princess and the Frog.mp3 in Resources */ = {isa = PBXBuildFile; fileRef = F39874002469A78000545692 /* The Princess and the Frog.mp3 */; };
		F39874032469A85900545692 /* Smallfoot.mp3 in Resources */ = {isa = PBXBuildFile; fileRef = F39874022469A85900545692 /* Smallfoot.mp3 */; };
		F39874052469A89100545692 /* Grinch.mp3 in Resources */ = {isa = PBXBuildFile; fileRef = F39874042469A89100545692 /* Grinch.mp3 */; };
		F39874072469A89900545692 /* Moana.mp3 in Resources */ = {isa = PBXBuildFile; fileRef = F39874062469A89900545692 /* Moana.mp3 */; };
		F39874092469A9BE00545692 /* Big Hero 6.mp3 in Resources */ = {isa = PBXBuildFile; fileRef = F39874082469A9BE00545692 /* Big Hero 6.mp3 */; };
		F398740B246A705000545692 /* GoogleService-Info.plist in Resources */ = {isa = PBXBuildFile; fileRef = F398740A246A705000545692 /* GoogleService-Info.plist */; };
		F39D10B5245769690093CCF9 /* Rio.mp3 in Resources */ = {isa = PBXBuildFile; fileRef = F39D10B4245769690093CCF9 /* Rio.mp3 */; };
		F3E2991A2458605300EBB3E7 /* DataSourceSongsTable.swift in Sources */ = {isa = PBXBuildFile; fileRef = F3E299192458605300EBB3E7 /* DataSourceSongsTable.swift */; };
/* End PBXBuildFile section */

/* Begin PBXFileReference section */
		3A4AA8A8CCF42C712C47E869 /* Pods-MyProject.debug.xcconfig */ = {isa = PBXFileReference; includeInIndex = 1; lastKnownFileType = text.xcconfig; name = "Pods-MyProject.debug.xcconfig"; path = "Target Support Files/Pods-MyProject/Pods-MyProject.debug.xcconfig"; sourceTree = "<group>"; };
		63F9C82B3138BB8CFA075606 /* Pods_MyProject.framework */ = {isa = PBXFileReference; explicitFileType = wrapper.framework; includeInIndex = 0; path = Pods_MyProject.framework; sourceTree = BUILT_PRODUCTS_DIR; };
		80BF01C57285BA48B362E0F5 /* Pods-MyProject.release.xcconfig */ = {isa = PBXFileReference; includeInIndex = 1; lastKnownFileType = text.xcconfig; name = "Pods-MyProject.release.xcconfig"; path = "Target Support Files/Pods-MyProject/Pods-MyProject.release.xcconfig"; sourceTree = "<group>"; };
		F3344FBA24409C2E00E411B4 /* LoginViewController.swift */ = {isa = PBXFileReference; lastKnownFileType = sourcecode.swift; path = LoginViewController.swift; sourceTree = "<group>"; };
		F3344FBE2440AF3200E411B4 /* RegistrationViewController.swift */ = {isa = PBXFileReference; lastKnownFileType = sourcecode.swift; path = RegistrationViewController.swift; sourceTree = "<group>"; };
		F34A9A57245B3D4600DBC4D7 /* MAINViewController.swift */ = {isa = PBXFileReference; lastKnownFileType = sourcecode.swift; path = MAINViewController.swift; sourceTree = "<group>"; };
		F34A9A59245B3D9300DBC4D7 /* MAINCollectionViewCell.swift */ = {isa = PBXFileReference; lastKnownFileType = sourcecode.swift; path = MAINCollectionViewCell.swift; sourceTree = "<group>"; };
		F34A9A5B2463CC5500DBC4D7 /* LocalDataHandler.swift */ = {isa = PBXFileReference; lastKnownFileType = sourcecode.swift; path = LocalDataHandler.swift; sourceTree = "<group>"; };
		F34A9A5D2463DAD500DBC4D7 /* DataSourceStoriesCollection.swift */ = {isa = PBXFileReference; lastKnownFileType = sourcecode.swift; path = DataSourceStoriesCollection.swift; sourceTree = "<group>"; };
		F34A9A5F2463DFD000DBC4D7 /* CloudDataHandler.swift */ = {isa = PBXFileReference; lastKnownFileType = sourcecode.swift; path = CloudDataHandler.swift; sourceTree = "<group>"; };
		F34A9A622464579C00DBC4D7 /* NetworkManager.swift */ = {isa = PBXFileReference; lastKnownFileType = sourcecode.swift; path = NetworkManager.swift; sourceTree = "<group>"; };
		F34A9A672464675F00DBC4D7 /* Story.swift */ = {isa = PBXFileReference; lastKnownFileType = sourcecode.swift; path = Story.swift; sourceTree = "<group>"; };
		F357C5B1245B054A009E09AE /* VideoViewController.swift */ = {isa = PBXFileReference; lastKnownFileType = sourcecode.swift; path = VideoViewController.swift; sourceTree = "<group>"; };
		F3718DC22458945F00EC7054 /* AudioManager.swift */ = {isa = PBXFileReference; lastKnownFileType = sourcecode.swift; path = AudioManager.swift; sourceTree = "<group>"; };
		F3718DC42459978200EC7054 /* The Secret Life of Pets 2.mp3 */ = {isa = PBXFileReference; lastKnownFileType = audio.mp3; path = "The Secret Life of Pets 2.mp3"; sourceTree = "<group>"; };
		F3718DCC2459C87C00EC7054 /* Song.swift */ = {isa = PBXFileReference; lastKnownFileType = sourcecode.swift; path = Song.swift; sourceTree = "<group>"; };
		F3718DCE2459E09C00EC7054 /* StoriesCollectViewCell.swift */ = {isa = PBXFileReference; lastKnownFileType = sourcecode.swift; path = StoriesCollectViewCell.swift; sourceTree = "<group>"; };
		F3726D6B2431ECFD00C37F00 /* MyProject.app */ = {isa = PBXFileReference; explicitFileType = wrapper.application; includeInIndex = 0; path = MyProject.app; sourceTree = BUILT_PRODUCTS_DIR; };
		F3726D6E2431ECFD00C37F00 /* AppDelegate.swift */ = {isa = PBXFileReference; lastKnownFileType = sourcecode.swift; path = AppDelegate.swift; sourceTree = "<group>"; };
		F3726D702431ECFD00C37F00 /* SceneDelegate.swift */ = {isa = PBXFileReference; lastKnownFileType = sourcecode.swift; path = SceneDelegate.swift; sourceTree = "<group>"; };
		F3726D752431ECFD00C37F00 /* Base */ = {isa = PBXFileReference; lastKnownFileType = file.storyboard; name = Base; path = Base.lproj/Main.storyboard; sourceTree = "<group>"; };
		F3726D772431ECFF00C37F00 /* Assets.xcassets */ = {isa = PBXFileReference; lastKnownFileType = folder.assetcatalog; path = Assets.xcassets; sourceTree = "<group>"; };
		F3726D7A2431ECFF00C37F00 /* Base */ = {isa = PBXFileReference; lastKnownFileType = file.storyboard; name = Base; path = Base.lproj/LaunchScreen.storyboard; sourceTree = "<group>"; };
		F3726D7C2431ECFF00C37F00 /* Info.plist */ = {isa = PBXFileReference; lastKnownFileType = text.plist.xml; path = Info.plist; sourceTree = "<group>"; };
		F388CDD024508E2F0046B2DD /* SongsTableViewController.swift */ = {isa = PBXFileReference; lastKnownFileType = sourcecode.swift; path = SongsTableViewController.swift; sourceTree = "<group>"; };
		F388CDD224508E740046B2DD /* StoriesCollectViewController.swift */ = {isa = PBXFileReference; lastKnownFileType = sourcecode.swift; path = StoriesCollectViewController.swift; sourceTree = "<group>"; };
		F388CDD424508F610046B2DD /* AudioPlayerViewController.swift */ = {isa = PBXFileReference; lastKnownFileType = sourcecode.swift; path = AudioPlayerViewController.swift; sourceTree = "<group>"; };
		F388CDD62450945E0046B2DD /* SettingsViewController.swift */ = {isa = PBXFileReference; lastKnownFileType = sourcecode.swift; path = SettingsViewController.swift; sourceTree = "<group>"; };
		F39873F32466F51C00545692 /* APIHandler.swift */ = {isa = PBXFileReference; lastKnownFileType = sourcecode.swift; path = APIHandler.swift; sourceTree = "<group>"; };
		F39873F72466F86F00545692 /* ParseHandler.swift */ = {isa = PBXFileReference; lastKnownFileType = sourcecode.swift; path = ParseHandler.swift; sourceTree = "<group>"; };
		F39873F92466FF3500545692 /* SearchResponse.swift */ = {isa = PBXFileReference; lastKnownFileType = sourcecode.swift; path = SearchResponse.swift; sourceTree = "<group>"; };
		F39873FE2469A4DD00545692 /* Ratatouille.mp3 */ = {isa = PBXFileReference; lastKnownFileType = audio.mp3; path = Ratatouille.mp3; sourceTree = "<group>"; };
		F39874002469A78000545692 /* The Princess and the Frog.mp3 */ = {isa = PBXFileReference; lastKnownFileType = audio.mp3; path = "The Princess and the Frog.mp3"; sourceTree = "<group>"; };
		F39874022469A85900545692 /* Smallfoot.mp3 */ = {isa = PBXFileReference; lastKnownFileType = audio.mp3; path = Smallfoot.mp3; sourceTree = "<group>"; };
		F39874042469A89100545692 /* Grinch.mp3 */ = {isa = PBXFileReference; lastKnownFileType = audio.mp3; path = Grinch.mp3; sourceTree = "<group>"; };
		F39874062469A89900545692 /* Moana.mp3 */ = {isa = PBXFileReference; lastKnownFileType = audio.mp3; path = Moana.mp3; sourceTree = "<group>"; };
		F39874082469A9BE00545692 /* Big Hero 6.mp3 */ = {isa = PBXFileReference; lastKnownFileType = audio.mp3; path = "Big Hero 6.mp3"; sourceTree = "<group>"; };
		F398740A246A705000545692 /* GoogleService-Info.plist */ = {isa = PBXFileReference; fileEncoding = 4; lastKnownFileType = text.plist.xml; path = "GoogleService-Info.plist"; sourceTree = "<group>"; };
		F39D10B4245769690093CCF9 /* Rio.mp3 */ = {isa = PBXFileReference; lastKnownFileType = audio.mp3; path = Rio.mp3; sourceTree = "<group>"; };
		F3E299192458605300EBB3E7 /* DataSourceSongsTable.swift */ = {isa = PBXFileReference; lastKnownFileType = sourcecode.swift; path = DataSourceSongsTable.swift; sourceTree = "<group>"; };
/* End PBXFileReference section */

/* Begin PBXFrameworksBuildPhase section */
		F3726D682431ECFD00C37F00 /* Frameworks */ = {
			isa = PBXFrameworksBuildPhase;
			buildActionMask = 2147483647;
			files = (
				1A88CC75C5DBADF5A911CE87 /* Pods_MyProject.framework in Frameworks */,
			);
			runOnlyForDeploymentPostprocessing = 0;
		};
/* End PBXFrameworksBuildPhase section */

/* Begin PBXGroup section */
		62E53AB678C97544618B0819 /* Frameworks */ = {
			isa = PBXGroup;
			children = (
				63F9C82B3138BB8CFA075606 /* Pods_MyProject.framework */,
			);
			name = Frameworks;
			sourceTree = "<group>";
		};
		81788A229C0F0A277B21FAC9 /* Pods */ = {
			isa = PBXGroup;
			children = (
				3A4AA8A8CCF42C712C47E869 /* Pods-MyProject.debug.xcconfig */,
				80BF01C57285BA48B362E0F5 /* Pods-MyProject.release.xcconfig */,
			);
			path = Pods;
			sourceTree = "<group>";
		};
		F34A9A64246465C700DBC4D7 /* MAIN */ = {
			isa = PBXGroup;
			children = (
				F34A9A57245B3D4600DBC4D7 /* MAINViewController.swift */,
				F34A9A59245B3D9300DBC4D7 /* MAINCollectionViewCell.swift */,
			);
			path = MAIN;
			sourceTree = "<group>";
		};
		F34A9A65246465F700DBC4D7 /* SongsTable */ = {
			isa = PBXGroup;
			children = (
				F3718DCC2459C87C00EC7054 /* Song.swift */,
				F388CDD024508E2F0046B2DD /* SongsTableViewController.swift */,
			);
			path = SongsTable;
			sourceTree = "<group>";
		};
		F34A9A662464666400DBC4D7 /* StoriesCollection */ = {
			isa = PBXGroup;
			children = (
				F34A9A672464675F00DBC4D7 /* Story.swift */,
				F388CDD224508E740046B2DD /* StoriesCollectViewController.swift */,
				F3718DCE2459E09C00EC7054 /* StoriesCollectViewCell.swift */,
			);
			path = StoriesCollection;
			sourceTree = "<group>";
		};
		F3726D622431ECFD00C37F00 = {
			isa = PBXGroup;
			children = (
				F3726D6D2431ECFD00C37F00 /* MyProject */,
				F3726D6C2431ECFD00C37F00 /* Products */,
				81788A229C0F0A277B21FAC9 /* Pods */,
				62E53AB678C97544618B0819 /* Frameworks */,
			);
			sourceTree = "<group>";
		};
		F3726D6C2431ECFD00C37F00 /* Products */ = {
			isa = PBXGroup;
			children = (
				F3726D6B2431ECFD00C37F00 /* MyProject.app */,
			);
			name = Products;
			sourceTree = "<group>";
		};
		F3726D6D2431ECFD00C37F00 /* MyProject */ = {
			isa = PBXGroup;
			children = (
				F3726D6E2431ECFD00C37F00 /* AppDelegate.swift */,
				F3726D702431ECFD00C37F00 /* SceneDelegate.swift */,
				F3726D792431ECFF00C37F00 /* LaunchScreen.storyboard */,
				F3726D742431ECFD00C37F00 /* Main.storyboard */,
				F3344FBE2440AF3200E411B4 /* RegistrationViewController.swift */,
				F3344FBA24409C2E00E411B4 /* LoginViewController.swift */,
				F34A9A64246465C700DBC4D7 /* MAIN */,
				F3718DC22458945F00EC7054 /* AudioManager.swift */,
				F34A9A65246465F700DBC4D7 /* SongsTable */,
				F34A9A662464666400DBC4D7 /* StoriesCollection */,
				F39873FB2467053300545692 /* unused */,
				F39873F92466FF3500545692 /* SearchResponse.swift */,
				F39873F32466F51C00545692 /* APIHandler.swift */,
				F39873F72466F86F00545692 /* ParseHandler.swift */,
				F34A9A5B2463CC5500DBC4D7 /* LocalDataHandler.swift */,
				F34A9A622464579C00DBC4D7 /* NetworkManager.swift */,
				F388CDD424508F610046B2DD /* AudioPlayerViewController.swift */,
				F357C5B1245B054A009E09AE /* VideoViewController.swift */,
				F388CDD62450945E0046B2DD /* SettingsViewController.swift */,
				F3726D772431ECFF00C37F00 /* Assets.xcassets */,
				F3E2991D245876EF00EBB3E7 /* Songs */,
				F3726D7C2431ECFF00C37F00 /* Info.plist */,
				F398740A246A705000545692 /* GoogleService-Info.plist */,
			);
			path = MyProject;
			sourceTree = "<group>";
		};
		F39873FB2467053300545692 /* unused */ = {
			isa = PBXGroup;
			children = (
				F3E299192458605300EBB3E7 /* DataSourceSongsTable.swift */,
				F34A9A5F2463DFD000DBC4D7 /* CloudDataHandler.swift */,
				F34A9A5D2463DAD500DBC4D7 /* DataSourceStoriesCollection.swift */,
			);
			path = unused;
			sourceTree = "<group>";
		};
		F3E2991D245876EF00EBB3E7 /* Songs */ = {
			isa = PBXGroup;
			children = (
				F39D10B4245769690093CCF9 /* Rio.mp3 */,
				F3718DC42459978200EC7054 /* The Secret Life of Pets 2.mp3 */,
				F39873FE2469A4DD00545692 /* Ratatouille.mp3 */,
				F39874002469A78000545692 /* The Princess and the Frog.mp3 */,
				F39874022469A85900545692 /* Smallfoot.mp3 */,
				F39874042469A89100545692 /* Grinch.mp3 */,
				F39874082469A9BE00545692 /* Big Hero 6.mp3 */,
				F39874062469A89900545692 /* Moana.mp3 */,
			);
			path = Songs;
			sourceTree = "<group>";
		};
/* End PBXGroup section */

/* Begin PBXNativeTarget section */
		F3726D6A2431ECFD00C37F00 /* MyProject */ = {
			isa = PBXNativeTarget;
			buildConfigurationList = F3726D7F2431ECFF00C37F00 /* Build configuration list for PBXNativeTarget "MyProject" */;
			buildPhases = (
				758A3C63745BE6672E4010DD /* [CP] Check Pods Manifest.lock */,
				F3726D672431ECFD00C37F00 /* Sources */,
				F3726D682431ECFD00C37F00 /* Frameworks */,
				F3726D692431ECFD00C37F00 /* Resources */,
				9DE29A2C83DD2552DC1843A7 /* [CP] Embed Pods Frameworks */,
			);
			buildRules = (
			);
			dependencies = (
			);
			name = MyProject;
			productName = MyProject;
			productReference = F3726D6B2431ECFD00C37F00 /* MyProject.app */;
			productType = "com.apple.product-type.application";
		};
/* End PBXNativeTarget section */

/* Begin PBXProject section */
		F3726D632431ECFD00C37F00 /* Project object */ = {
			isa = PBXProject;
			attributes = {
				LastSwiftUpdateCheck = 1130;
				LastUpgradeCheck = 1130;
				ORGANIZATIONNAME = "Elena Alekseeva";
				TargetAttributes = {
					F3726D6A2431ECFD00C37F00 = {
						CreatedOnToolsVersion = 11.3.1;
					};
				};
			};
			buildConfigurationList = F3726D662431ECFD00C37F00 /* Build configuration list for PBXProject "MyProject" */;
			compatibilityVersion = "Xcode 9.3";
			developmentRegion = en;
			hasScannedForEncodings = 0;
			knownRegions = (
				en,
				Base,
			);
			mainGroup = F3726D622431ECFD00C37F00;
			productRefGroup = F3726D6C2431ECFD00C37F00 /* Products */;
			projectDirPath = "";
			projectRoot = "";
			targets = (
				F3726D6A2431ECFD00C37F00 /* MyProject */,
			);
		};
/* End PBXProject section */

/* Begin PBXResourcesBuildPhase section */
		F3726D692431ECFD00C37F00 /* Resources */ = {
			isa = PBXResourcesBuildPhase;
			buildActionMask = 2147483647;
			files = (
				F3718DC52459978200EC7054 /* The Secret Life of Pets 2.mp3 in Resources */,
				F3726D7B2431ECFF00C37F00 /* LaunchScreen.storyboard in Resources */,
				F39874072469A89900545692 /* Moana.mp3 in Resources */,
				F39874032469A85900545692 /* Smallfoot.mp3 in Resources */,
				F39874052469A89100545692 /* Grinch.mp3 in Resources */,
				F39873FF2469A4DD00545692 /* Ratatouille.mp3 in Resources */,
				F3726D782431ECFF00C37F00 /* Assets.xcassets in Resources */,
				F39D10B5245769690093CCF9 /* Rio.mp3 in Resources */,
				F39874012469A78000545692 /* The Princess and the Frog.mp3 in Resources */,
				F3726D762431ECFD00C37F00 /* Main.storyboard in Resources */,
				F39874092469A9BE00545692 /* Big Hero 6.mp3 in Resources */,
				F398740B246A705000545692 /* GoogleService-Info.plist in Resources */,
			);
			runOnlyForDeploymentPostprocessing = 0;
		};
/* End PBXResourcesBuildPhase section */

/* Begin PBXShellScriptBuildPhase section */
		758A3C63745BE6672E4010DD /* [CP] Check Pods Manifest.lock */ = {
			isa = PBXShellScriptBuildPhase;
			buildActionMask = 2147483647;
			files = (
			);
			inputFileListPaths = (
			);
			inputPaths = (
				"${PODS_PODFILE_DIR_PATH}/Podfile.lock",
				"${PODS_ROOT}/Manifest.lock",
			);
			name = "[CP] Check Pods Manifest.lock";
			outputFileListPaths = (
			);
			outputPaths = (
				"$(DERIVED_FILE_DIR)/Pods-MyProject-checkManifestLockResult.txt",
			);
			runOnlyForDeploymentPostprocessing = 0;
			shellPath = /bin/sh;
			shellScript = "diff \"${PODS_PODFILE_DIR_PATH}/Podfile.lock\" \"${PODS_ROOT}/Manifest.lock\" > /dev/null\nif [ $? != 0 ] ; then\n    # print error to STDERR\n    echo \"error: The sandbox is not in sync with the Podfile.lock. Run 'pod install' or update your CocoaPods installation.\" >&2\n    exit 1\nfi\n# This output is used by Xcode 'outputs' to avoid re-running this script phase.\necho \"SUCCESS\" > \"${SCRIPT_OUTPUT_FILE_0}\"\n";
			showEnvVarsInLog = 0;
		};
		9DE29A2C83DD2552DC1843A7 /* [CP] Embed Pods Frameworks */ = {
			isa = PBXShellScriptBuildPhase;
			buildActionMask = 2147483647;
			files = (
			);
			inputFileListPaths = (
				"${PODS_ROOT}/Target Support Files/Pods-MyProject/Pods-MyProject-frameworks-${CONFIGURATION}-input-files.xcfilelist",
			);
			name = "[CP] Embed Pods Frameworks";
			outputFileListPaths = (
				"${PODS_ROOT}/Target Support Files/Pods-MyProject/Pods-MyProject-frameworks-${CONFIGURATION}-output-files.xcfilelist",
			);
			runOnlyForDeploymentPostprocessing = 0;
			shellPath = /bin/sh;
			shellScript = "\"${PODS_ROOT}/Target Support Files/Pods-MyProject/Pods-MyProject-frameworks.sh\"\n";
			showEnvVarsInLog = 0;
		};
/* End PBXShellScriptBuildPhase section */

/* Begin PBXSourcesBuildPhase section */
		F3726D672431ECFD00C37F00 /* Sources */ = {
			isa = PBXSourcesBuildPhase;
			buildActionMask = 2147483647;
			files = (
				F39873F42466F51C00545692 /* APIHandler.swift in Sources */,
				F34A9A5A245B3D9300DBC4D7 /* MAINCollectionViewCell.swift in Sources */,
				F3E2991A2458605300EBB3E7 /* DataSourceSongsTable.swift in Sources */,
				F3718DCF2459E09C00EC7054 /* StoriesCollectViewCell.swift in Sources */,
				F39873F82466F86F00545692 /* ParseHandler.swift in Sources */,
				F3344FBF2440AF3200E411B4 /* RegistrationViewController.swift in Sources */,
				F34A9A632464579C00DBC4D7 /* NetworkManager.swift in Sources */,
				F34A9A5C2463CC5500DBC4D7 /* LocalDataHandler.swift in Sources */,
				F388CDD124508E2F0046B2DD /* SongsTableViewController.swift in Sources */,
				F388CDD72450945E0046B2DD /* SettingsViewController.swift in Sources */,
				F34A9A5E2463DAD500DBC4D7 /* DataSourceStoriesCollection.swift in Sources */,
				F3344FBB24409C2E00E411B4 /* LoginViewController.swift in Sources */,
				F388CDD524508F610046B2DD /* AudioPlayerViewController.swift in Sources */,
				F357C5B2245B054A009E09AE /* VideoViewController.swift in Sources */,
				F3718DCD2459C87C00EC7054 /* Song.swift in Sources */,
				F34A9A58245B3D4600DBC4D7 /* MAINViewController.swift in Sources */,
				F3726D6F2431ECFD00C37F00 /* AppDelegate.swift in Sources */,
				F388CDD324508E740046B2DD /* StoriesCollectViewController.swift in Sources */,
				F3718DC32458945F00EC7054 /* AudioManager.swift in Sources */,
				F34A9A602463DFD000DBC4D7 /* CloudDataHandler.swift in Sources */,
				F3726D712431ECFD00C37F00 /* SceneDelegate.swift in Sources */,
				F39873FA2466FF3500545692 /* SearchResponse.swift in Sources */,
				F34A9A682464675F00DBC4D7 /* Story.swift in Sources */,
			);
			runOnlyForDeploymentPostprocessing = 0;
		};
/* End PBXSourcesBuildPhase section */

/* Begin PBXVariantGroup section */
		F3726D742431ECFD00C37F00 /* Main.storyboard */ = {
			isa = PBXVariantGroup;
			children = (
				F3726D752431ECFD00C37F00 /* Base */,
			);
			name = Main.storyboard;
			sourceTree = "<group>";
		};
		F3726D792431ECFF00C37F00 /* LaunchScreen.storyboard */ = {
			isa = PBXVariantGroup;
			children = (
				F3726D7A2431ECFF00C37F00 /* Base */,
			);
			name = LaunchScreen.storyboard;
			sourceTree = "<group>";
		};
/* End PBXVariantGroup section */

/* Begin XCBuildConfiguration section */
		F3726D7D2431ECFF00C37F00 /* Debug */ = {
			isa = XCBuildConfiguration;
			buildSettings = {
				ALWAYS_SEARCH_USER_PATHS = NO;
				CLANG_ANALYZER_NONNULL = YES;
				CLANG_ANALYZER_NUMBER_OBJECT_CONVERSION = YES_AGGRESSIVE;
				CLANG_CXX_LANGUAGE_STANDARD = "gnu++14";
				CLANG_CXX_LIBRARY = "libc++";
				CLANG_ENABLE_MODULES = YES;
				CLANG_ENABLE_OBJC_ARC = YES;
				CLANG_ENABLE_OBJC_WEAK = YES;
				CLANG_WARN_BLOCK_CAPTURE_AUTORELEASING = YES;
				CLANG_WARN_BOOL_CONVERSION = YES;
				CLANG_WARN_COMMA = YES;
				CLANG_WARN_CONSTANT_CONVERSION = YES;
				CLANG_WARN_DEPRECATED_OBJC_IMPLEMENTATIONS = YES;
				CLANG_WARN_DIRECT_OBJC_ISA_USAGE = YES_ERROR;
				CLANG_WARN_DOCUMENTATION_COMMENTS = YES;
				CLANG_WARN_EMPTY_BODY = YES;
				CLANG_WARN_ENUM_CONVERSION = YES;
				CLANG_WARN_INFINITE_RECURSION = YES;
				CLANG_WARN_INT_CONVERSION = YES;
				CLANG_WARN_NON_LITERAL_NULL_CONVERSION = YES;
				CLANG_WARN_OBJC_IMPLICIT_RETAIN_SELF = YES;
				CLANG_WARN_OBJC_LITERAL_CONVERSION = YES;
				CLANG_WARN_OBJC_ROOT_CLASS = YES_ERROR;
				CLANG_WARN_RANGE_LOOP_ANALYSIS = YES;
				CLANG_WARN_STRICT_PROTOTYPES = YES;
				CLANG_WARN_SUSPICIOUS_MOVE = YES;
				CLANG_WARN_UNGUARDED_AVAILABILITY = YES_AGGRESSIVE;
				CLANG_WARN_UNREACHABLE_CODE = YES;
				CLANG_WARN__DUPLICATE_METHOD_MATCH = YES;
				COPY_PHASE_STRIP = NO;
				DEBUG_INFORMATION_FORMAT = dwarf;
				ENABLE_STRICT_OBJC_MSGSEND = YES;
				ENABLE_TESTABILITY = YES;
				GCC_C_LANGUAGE_STANDARD = gnu11;
				GCC_DYNAMIC_NO_PIC = NO;
				GCC_NO_COMMON_BLOCKS = YES;
				GCC_OPTIMIZATION_LEVEL = 0;
				GCC_PREPROCESSOR_DEFINITIONS = (
					"DEBUG=1",
					"$(inherited)",
				);
				GCC_WARN_64_TO_32_BIT_CONVERSION = YES;
				GCC_WARN_ABOUT_RETURN_TYPE = YES_ERROR;
				GCC_WARN_UNDECLARED_SELECTOR = YES;
				GCC_WARN_UNINITIALIZED_AUTOS = YES_AGGRESSIVE;
				GCC_WARN_UNUSED_FUNCTION = YES;
				GCC_WARN_UNUSED_VARIABLE = YES;
				IPHONEOS_DEPLOYMENT_TARGET = 13.2;
				MTL_ENABLE_DEBUG_INFO = INCLUDE_SOURCE;
				MTL_FAST_MATH = YES;
				ONLY_ACTIVE_ARCH = YES;
				SDKROOT = iphoneos;
				SWIFT_ACTIVE_COMPILATION_CONDITIONS = DEBUG;
				SWIFT_OPTIMIZATION_LEVEL = "-Onone";
			};
			name = Debug;
		};
		F3726D7E2431ECFF00C37F00 /* Release */ = {
			isa = XCBuildConfiguration;
			buildSettings = {
				ALWAYS_SEARCH_USER_PATHS = NO;
				CLANG_ANALYZER_NONNULL = YES;
				CLANG_ANALYZER_NUMBER_OBJECT_CONVERSION = YES_AGGRESSIVE;
				CLANG_CXX_LANGUAGE_STANDARD = "gnu++14";
				CLANG_CXX_LIBRARY = "libc++";
				CLANG_ENABLE_MODULES = YES;
				CLANG_ENABLE_OBJC_ARC = YES;
				CLANG_ENABLE_OBJC_WEAK = YES;
				CLANG_WARN_BLOCK_CAPTURE_AUTORELEASING = YES;
				CLANG_WARN_BOOL_CONVERSION = YES;
				CLANG_WARN_COMMA = YES;
				CLANG_WARN_CONSTANT_CONVERSION = YES;
				CLANG_WARN_DEPRECATED_OBJC_IMPLEMENTATIONS = YES;
				CLANG_WARN_DIRECT_OBJC_ISA_USAGE = YES_ERROR;
				CLANG_WARN_DOCUMENTATION_COMMENTS = YES;
				CLANG_WARN_EMPTY_BODY = YES;
				CLANG_WARN_ENUM_CONVERSION = YES;
				CLANG_WARN_INFINITE_RECURSION = YES;
				CLANG_WARN_INT_CONVERSION = YES;
				CLANG_WARN_NON_LITERAL_NULL_CONVERSION = YES;
				CLANG_WARN_OBJC_IMPLICIT_RETAIN_SELF = YES;
				CLANG_WARN_OBJC_LITERAL_CONVERSION = YES;
				CLANG_WARN_OBJC_ROOT_CLASS = YES_ERROR;
				CLANG_WARN_RANGE_LOOP_ANALYSIS = YES;
				CLANG_WARN_STRICT_PROTOTYPES = YES;
				CLANG_WARN_SUSPICIOUS_MOVE = YES;
				CLANG_WARN_UNGUARDED_AVAILABILITY = YES_AGGRESSIVE;
				CLANG_WARN_UNREACHABLE_CODE = YES;
				CLANG_WARN__DUPLICATE_METHOD_MATCH = YES;
				COPY_PHASE_STRIP = NO;
				DEBUG_INFORMATION_FORMAT = "dwarf-with-dsym";
				ENABLE_NS_ASSERTIONS = NO;
				ENABLE_STRICT_OBJC_MSGSEND = YES;
				GCC_C_LANGUAGE_STANDARD = gnu11;
				GCC_NO_COMMON_BLOCKS = YES;
				GCC_WARN_64_TO_32_BIT_CONVERSION = YES;
				GCC_WARN_ABOUT_RETURN_TYPE = YES_ERROR;
				GCC_WARN_UNDECLARED_SELECTOR = YES;
				GCC_WARN_UNINITIALIZED_AUTOS = YES_AGGRESSIVE;
				GCC_WARN_UNUSED_FUNCTION = YES;
				GCC_WARN_UNUSED_VARIABLE = YES;
				IPHONEOS_DEPLOYMENT_TARGET = 13.2;
				MTL_ENABLE_DEBUG_INFO = NO;
				MTL_FAST_MATH = YES;
				SDKROOT = iphoneos;
				SWIFT_COMPILATION_MODE = wholemodule;
				SWIFT_OPTIMIZATION_LEVEL = "-O";
				VALIDATE_PRODUCT = YES;
			};
			name = Release;
		};
		F3726D802431ECFF00C37F00 /* Debug */ = {
			isa = XCBuildConfiguration;
			baseConfigurationReference = 3A4AA8A8CCF42C712C47E869 /* Pods-MyProject.debug.xcconfig */;
			buildSettings = {
				ASSETCATALOG_COMPILER_APPICON_NAME = AppIcon;
				CODE_SIGN_STYLE = Automatic;
				DEVELOPMENT_TEAM = 9W292R69FX;
				INFOPLIST_FILE = MyProject/Info.plist;
				LD_RUNPATH_SEARCH_PATHS = (
					"$(inherited)",
					"@executable_path/Frameworks",
				);
				PRODUCT_BUNDLE_IDENTIFIER = education.MyProject2;
				PRODUCT_NAME = "$(TARGET_NAME)";
				SWIFT_VERSION = 5.0;
				TARGETED_DEVICE_FAMILY = "1,2";
			};
			name = Debug;
		};
		F3726D812431ECFF00C37F00 /* Release */ = {
			isa = XCBuildConfiguration;
			baseConfigurationReference = 80BF01C57285BA48B362E0F5 /* Pods-MyProject.release.xcconfig */;
			buildSettings = {
				ASSETCATALOG_COMPILER_APPICON_NAME = AppIcon;
				CODE_SIGN_STYLE = Automatic;
				DEVELOPMENT_TEAM = 9W292R69FX;
				INFOPLIST_FILE = MyProject/Info.plist;
				LD_RUNPATH_SEARCH_PATHS = (
					"$(inherited)",
					"@executable_path/Frameworks",
				);
				PRODUCT_BUNDLE_IDENTIFIER = education.MyProject2;
				PRODUCT_NAME = "$(TARGET_NAME)";
				SWIFT_VERSION = 5.0;
				TARGETED_DEVICE_FAMILY = "1,2";
			};
			name = Release;
		};
/* End XCBuildConfiguration section */

/* Begin XCConfigurationList section */
		F3726D662431ECFD00C37F00 /* Build configuration list for PBXProject "MyProject" */ = {
			isa = XCConfigurationList;
			buildConfigurations = (
				F3726D7D2431ECFF00C37F00 /* Debug */,
				F3726D7E2431ECFF00C37F00 /* Release */,
			);
			defaultConfigurationIsVisible = 0;
			defaultConfigurationName = Release;
		};
		F3726D7F2431ECFF00C37F00 /* Build configuration list for PBXNativeTarget "MyProject" */ = {
			isa = XCConfigurationList;
			buildConfigurations = (
				F3726D802431ECFF00C37F00 /* Debug */,
				F3726D812431ECFF00C37F00 /* Release */,
			);
			defaultConfigurationIsVisible = 0;
			defaultConfigurationName = Release;
		};
/* End XCConfigurationList section */
	};
	rootObject = F3726D632431ECFD00C37F00 /* Project object */;
}
